<?xml version="1.0" encoding="utf-8"?>
<Project ToolsVersion="4.0" xmlns="http://schemas.microsoft.com/developer/msbuild/2003">
  <ItemGroup>
    <Filter Include="Source Files">
      <UniqueIdentifier>{4FC737F1-C7A5-4376-A066-2A32D752A2FF}</UniqueIdentifier>
      <Extensions>cpp;c;cc;cxx;def;odl;idl;hpj;bat;asm;asmx</Extensions>
    </Filter>
    <Filter Include="Header Files">
      <UniqueIdentifier>{93995380-89BD-4b04-88EB-625FBE52EBFB}</UniqueIdentifier>
      <Extensions>h;hh;hpp;hxx;hm;inl;inc;ipp;xsd</Extensions>
    </Filter>
    <Filter Include="Resource Files">
      <UniqueIdentifier>{67DA6AB6-F800-4c08-8B7A-83BB121AAD01}</UniqueIdentifier>
      <Extensions>rc;ico;cur;bmp;dlg;rc2;rct;bin;rgs;gif;jpg;jpeg;jpe;resx;tiff;tif;png;wav;mfcribbon-ms</Extensions>
    </Filter>
  </ItemGroup>
  <ItemGroup>
    <ClCompile Include="..\MAIN\MAIN.CPP">
      <Filter>Source Files</Filter>
    </ClCompile>
    <ClCompile Include="..\GIAN07\BOMBEFC.CPP">
      <Filter>Source Files</Filter>
    </ClCompile>
    <ClCompile Include="..\GIAN07\BOSS.CPP">
      <Filter>Source Files</Filter>
    </ClCompile>
    <ClCompile Include="..\GIAN07\DEMOPLAY.CPP">
      <Filter>Source Files</Filter>
    </ClCompile>
    <ClCompile Include="..\GIAN07\EFFECT.CPP">
      <Filter>Source Files</Filter>
    </ClCompile>
    <ClCompile Include="..\GIAN07\EFFECT3D.CPP">
      <Filter>Source Files</Filter>
    </ClCompile>
    <ClCompile Include="..\GIAN07\ENDING.CPP">
      <Filter>Source Files</Filter>
    </ClCompile>
    <ClCompile Include="..\GIAN07\ENEMY.CPP">
      <Filter>Source Files</Filter>
    </ClCompile>
    <ClCompile Include="..\GIAN07\EnemyExCtrl.cpp">
      <Filter>Source Files</Filter>
    </ClCompile>
    <ClCompile Include="..\GIAN07\FONTUTY.CPP">
      <Filter>Source Files</Filter>
    </ClCompile>
    <ClCompile Include="..\GIAN07\FRAGMENT.CPP">
      <Filter>Source Files</Filter>
    </ClCompile>
    <ClCompile Include="..\GIAN07\GAMEMAIN.CPP">
      <Filter>Source Files</Filter>
    </ClCompile>
    <ClCompile Include="..\GIAN07\GIAN.CPP">
      <Filter>Source Files</Filter>
    </ClCompile>
    <ClCompile Include="..\GIAN07\HOMINGL.CPP">
      <Filter>Source Files</Filter>
    </ClCompile>
    <ClCompile Include="..\GIAN07\ITEM.CPP">
      <Filter>Source Files</Filter>
    </ClCompile>
    <ClCompile Include="..\GIAN07\LASER.CPP">
      <Filter>Source Files</Filter>
    </ClCompile>
    <ClCompile Include="..\GIAN07\LENS.CPP">
      <Filter>Source Files</Filter>
    </ClCompile>
    <ClCompile Include="..\GIAN07\LLASER.CPP">
      <Filter>Source Files</Filter>
    </ClCompile>
    <ClCompile Include="..\GIAN07\LOADER.CPP">
      <Filter>Source Files</Filter>
    </ClCompile>
    <ClCompile Include="..\GIAN07\MAID.CPP">
      <Filter>Source Files</Filter>
    </ClCompile>
    <ClCompile Include="..\GIAN07\MAIDTAMA.CPP">
      <Filter>Source Files</Filter>
    </ClCompile>
    <ClCompile Include="..\GIAN07\PaletteEX.cpp">
      <Filter>Source Files</Filter>
    </ClCompile>
    <ClCompile Include="..\GIAN07\PRankCtrl.cpp">
      <Filter>Source Files</Filter>
    </ClCompile>
    <ClCompile Include="..\GIAN07\SCORE.CPP">
      <Filter>Source Files</Filter>
    </ClCompile>
    <ClCompile Include="..\GIAN07\SCROLL.CPP">
      <Filter>Source Files</Filter>
    </ClCompile>
    <ClCompile Include="..\GIAN07\TAMA.CPP">
      <Filter>Source Files</Filter>
    </ClCompile>
    <ClCompile Include="..\GIAN07\WindowCtrl.cpp">
      <Filter>Source Files</Filter>
    </ClCompile>
    <ClCompile Include="..\GIAN07\WindowSys.cpp">
      <Filter>Source Files</Filter>
    </ClCompile>
    <ClCompile Include="..\DirectXUTYs\D2_Polygon.CPP">
      <Filter>Source Files</Filter>
    </ClCompile>
    <ClCompile Include="..\DirectXUTYs\D3_TEX.CPP">
      <Filter>Source Files</Filter>
    </ClCompile>
    <ClCompile Include="..\DirectXUTYs\DD_CLIP2D.CPP">
      <Filter>Source Files</Filter>
    </ClCompile>
    <ClCompile Include="..\DirectXUTYs\DD_GRP2D.CPP">
      <Filter>Source Files</Filter>
    </ClCompile>
    <ClCompile Include="..\DirectXUTYs\DD_GRP3D.CPP">
      <Filter>Source Files</Filter>
    </ClCompile>
    <ClCompile Include="..\DirectXUTYs\DD_UTY.CPP">
      <Filter>Source Files</Filter>
    </ClCompile>
    <ClCompile Include="..\DirectXUTYs\DI_UTY.CPP">
      <Filter>Source Files</Filter>
    </ClCompile>
    <ClCompile Include="..\DirectXUTYs\DS_UTY.CPP">
      <Filter>Source Files</Filter>
    </ClCompile>
    <ClCompile Include="..\DirectXUTYs\DX_ERROR.C">
      <Filter>Source Files</Filter>
    </ClCompile>
    <ClCompile Include="..\DirectXUTYs\PBGMIDI.C">
      <Filter>Source Files</Filter>
    </ClCompile>
    <ClCompile Include="..\DirectXUTYs\UT_MATH.C">
      <Filter>Source Files</Filter>
    </ClCompile>
    <ClCompile Include="..\patch\MtoB.c">
      <Filter>Source Files</Filter>
    </ClCompile>
    <ClCompile Include="..\patch\LZ_UTY.cpp">
      <Filter>Source Files</Filter>
    </ClCompile>
  </ItemGroup>
  <ItemGroup>
    <ClInclude Include="..\GIAN07\BOMBEFC.H">
      <Filter>Header Files</Filter>
    </ClInclude>
    <ClInclude Include="..\GIAN07\BOSS.H">
      <Filter>Header Files</Filter>
    </ClInclude>
    <ClInclude Include="..\GIAN07\DEMOPLAY.H">
      <Filter>Header Files</Filter>
    </ClInclude>
    <ClInclude Include="..\GIAN07\ECL.H">
      <Filter>Header Files</Filter>
    </ClInclude>
    <ClInclude Include="..\GIAN07\ECL_LEN.H">
      <Filter>Header Files</Filter>
    </ClInclude>
    <ClInclude Include="..\GIAN07\EFFECT.H">
      <Filter>Header Files</Filter>
    </ClInclude>
    <ClInclude Include="..\GIAN07\EFFECT3D.H">
      <Filter>Header Files</Filter>
    </ClInclude>
    <ClInclude Include="..\GIAN07\ENDING.H">
      <Filter>Header Files</Filter>
    </ClInclude>
    <ClInclude Include="..\GIAN07\ENEMY.H">
      <Filter>Header Files</Filter>
    </ClInclude>
    <ClInclude Include="..\GIAN07\EnemyExCtrl.h">
      <Filter>Header Files</Filter>
    </ClInclude>
    <ClInclude Include="..\GIAN07\EXDEF.H">
      <Filter>Header Files</Filter>
    </ClInclude>
    <ClInclude Include="..\GIAN07\FONTUTY.H">
      <Filter>Header Files</Filter>
    </ClInclude>
    <ClInclude Include="..\GIAN07\FRAGMENT.H">
      <Filter>Header Files</Filter>
    </ClInclude>
    <ClInclude Include="..\GIAN07\GAMEMAIN.H">
      <Filter>Header Files</Filter>
    </ClInclude>
    <ClInclude Include="..\GIAN07\GIAN.H">
      <Filter>Header Files</Filter>
    </ClInclude>
    <ClInclude Include="..\GIAN07\HOMINGL.H">
      <Filter>Header Files</Filter>
    </ClInclude>
    <ClInclude Include="..\GIAN07\ITEM.H">
      <Filter>Header Files</Filter>
    </ClInclude>
    <ClInclude Include="..\GIAN07\LASER.H">
      <Filter>Header Files</Filter>
    </ClInclude>
    <ClInclude Include="..\GIAN07\LENS.H">
      <Filter>Header Files</Filter>
    </ClInclude>
    <ClInclude Include="..\GIAN07\LLASER.H">
      <Filter>Header Files</Filter>
    </ClInclude>
    <ClInclude Include="..\GIAN07\LOADER.H">
      <Filter>Header Files</Filter>
    </ClInclude>
    <ClInclude Include="..\GIAN07\MAID.H">
      <Filter>Header Files</Filter>
    </ClInclude>
    <ClInclude Include="..\GIAN07\MAIDTAMA.H">
      <Filter>Header Files</Filter>
    </ClInclude>
    <ClInclude Include="..\GIAN07\PaletteEx.h">
      <Filter>Header Files</Filter>
    </ClInclude>
    <ClInclude Include="..\GIAN07\PRankCtrl.h">
      <Filter>Header Files</Filter>
    </ClInclude>
    <ClInclude Include="..\GIAN07\SCL.H">
      <Filter>Header Files</Filter>
    </ClInclude>
    <ClInclude Include="..\GIAN07\SCORE.H">
      <Filter>Header Files</Filter>
    </ClInclude>
    <ClInclude Include="..\GIAN07\SCROLL.H">
      <Filter>Header Files</Filter>
    </ClInclude>
    <ClInclude Include="..\GIAN07\TAMA.H">
      <Filter>Header Files</Filter>
    </ClInclude>
    <ClInclude Include="..\GIAN07\WindowCtrl.h">
      <Filter>Header Files</Filter>
    </ClInclude>
    <ClInclude Include="..\GIAN07\WindowSys.h">
      <Filter>Header Files</Filter>
    </ClInclude>
    <ClInclude Include="..\DirectXUTYs\D2_Polygon.H">
      <Filter>Header Files</Filter>
    </ClInclude>
    <ClInclude Include="..\DirectXUTYs\D3_TEX.H">
      <Filter>Header Files</Filter>
    </ClInclude>
    <ClInclude Include="..\DirectXUTYs\DD_CLIP2D.H">
      <Filter>Header Files</Filter>
    </ClInclude>
    <ClInclude Include="..\DirectXUTYs\DD_GRP2D.H">
      <Filter>Header Files</Filter>
    </ClInclude>
    <ClInclude Include="..\DirectXUTYs\DD_GRP3D.H">
      <Filter>Header Files</Filter>
    </ClInclude>
    <ClInclude Include="..\DirectXUTYs\DD_UTY.H">
      <Filter>Header Files</Filter>
    </ClInclude>
    <ClInclude Include="..\DirectXUTYs\DI_UTY.H">
      <Filter>Header Files</Filter>
    </ClInclude>
    <ClInclude Include="..\DirectXUTYs\DS_UTY.H">
      <Filter>Header Files</Filter>
    </ClInclude>
    <ClInclude Include="..\DirectXUTYs\DX_ERROR.H">
      <Filter>Header Files</Filter>
    </ClInclude>
    <ClInclude Include="..\DirectXUTYs\DX_TYPE.H">
      <Filter>Header Files</Filter>
    </ClInclude>
    <ClInclude Include="..\DirectXUTYs\PBGMIDI.H">
      <Filter>Header Files</Filter>
    </ClInclude>
    <ClInclude Include="..\DirectXUTYs\PBGUTY_X.H">
      <Filter>Header Files</Filter>
    </ClInclude>
    <ClInclude Include="..\DirectXUTYs\UT_MATH.H">
      <Filter>Header Files</Filter>
    </ClInclude>
    <ClInclude Include="..\patch\LZ_UTY.h">
      <Filter>Header Files</Filter>
    </ClInclude>
    <ClInclude Include="..\patch\MtoB.h">
      <Filter>Header Files</Filter>
    </ClInclude>
  </ItemGroup>
</Project>