
Microsoft Visual Studio Solution File, Format Version 12.00
# Visual Studio 15
VisualStudioVersion = 15.0.28307.329
MinimumVisualStudioVersion = 10.0.40219.1
Project("{8BC9CEB8-8B4A-11D0-8D11-00A0C91BC942}") = "秋霜玉", "秋霜玉.vcxproj", "{DD948C1B-D49E-44C9-943A-7DEC8050B1D4}"
EndProject
Global
	GlobalSection(SolutionConfigurationPlatforms) = preSolution
		Debug|x86 = Debug|x86
		Release|x86 = Release|x86
	EndGlobalSection
	GlobalSection(ProjectConfigurationPlatforms) = postSolution
		{DD948C1B-D49E-44C9-943A-7DEC8050B1D4}.Debug|x86.ActiveCfg = Debug|Win32
		{DD948C1B-D49E-44C9-943A-7DEC8050B1D4}.Debug|x86.Build.0 = Debug|Win32
		{DD948C1B-D49E-44C9-943A-7DEC8050B1D4}.Release|x86.ActiveCfg = Release|Win32
		{DD948C1B-D49E-44C9-943A-7DEC8050B1D4}.Release|x86.Build.0 = Release|Win32
	EndGlobalSection
	GlobalSection(SolutionProperties) = preSolution
		HideSolutionNode = FALSE
	EndGlobalSection
	GlobalSection(ExtensibilityGlobals) = postSolution
		SolutionGuid = {11419C44-DD3B-4957-B8BB-37434751EFA7}
	EndGlobalSection
EndGlobal
